
Microsoft Visual Studio Solution File, Format Version 12.00
# Visual Studio 14
VisualStudioVersion = 14.0.25420.1
MinimumVisualStudioVersion = 10.0.40219.1
Project("{FAE04EC0-301F-11D3-BF4B-00C04F79EFBC}") = "Bai1", "Bai1\Bai1.csproj", "{76369BD7-6978-4E8A-886F-2F9D212C9CA3}"
EndProject
Project("{FAE04EC0-301F-11D3-BF4B-00C04F79EFBC}") = "Bai2_Shutdown", "Bai2_Shutdown\Bai2_Shutdown.csproj", "{269AA70D-45F0-4282-BD02-BF93B99CB1F4}"
EndProject
Project("{FAE04EC0-301F-11D3-BF4B-00C04F79EFBC}") = "Bai2_Restart", "Bai2_Restart\Bai2_Restart.csproj", "{D9B17E9D-DB2F-4C0F-A429-CA6E7CCBE3D4}"
EndProject
Global
	GlobalSection(SolutionConfigurationPlatforms) = preSolution
		Debug|Any CPU = Debug|Any CPU
		Release|Any CPU = Release|Any CPU
	EndGlobalSection
	GlobalSection(ProjectConfigurationPlatforms) = postSolution
		{76369BD7-6978-4E8A-886F-2F9D212C9CA3}.Debug|Any CPU.ActiveCfg = Debug|Any CPU
		{76369BD7-6978-4E8A-886F-2F9D212C9CA3}.Debug|Any CPU.Build.0 = Debug|Any CPU
		{76369BD7-6978-4E8A-886F-2F9D212C9CA3}.Release|Any CPU.ActiveCfg = Release|Any CPU
		{76369BD7-6978-4E8A-886F-2F9D212C9CA3}.Release|Any CPU.Build.0 = Release|Any CPU
		{269AA70D-45F0-4282-BD02-BF93B99CB1F4}.Debug|Any CPU.ActiveCfg = Debug|Any CPU
		{269AA70D-45F0-4282-BD02-BF93B99CB1F4}.Debug|Any CPU.Build.0 = Debug|Any CPU
		{269AA70D-45F0-4282-BD02-BF93B99CB1F4}.Release|Any CPU.ActiveCfg = Release|Any CPU
		{269AA70D-45F0-4282-BD02-BF93B99CB1F4}.Release|Any CPU.Build.0 = Release|Any CPU
		{D9B17E9D-DB2F-4C0F-A429-CA6E7CCBE3D4}.Debug|Any CPU.ActiveCfg = Debug|Any CPU
		{D9B17E9D-DB2F-4C0F-A429-CA6E7CCBE3D4}.Debug|Any CPU.Build.0 = Debug|Any CPU
		{D9B17E9D-DB2F-4C0F-A429-CA6E7CCBE3D4}.Release|Any CPU.ActiveCfg = Release|Any CPU
		{D9B17E9D-DB2F-4C0F-A429-CA6E7CCBE3D4}.Release|Any CPU.Build.0 = Release|Any CPU
	EndGlobalSection
	GlobalSection(SolutionProperties) = preSolution
		HideSolutionNode = FALSE
	EndGlobalSection
EndGlobal
